Microsoft Visual Studio Solution File, Format Version 12.00
# Visual Studio Version 17
VisualStudioVersion = 17.5.2.0
MinimumVisualStudioVersion = 10.0.40219.1
Project("{FAE04EC0-301F-11D3-BF4B-00C04F79EFBC}") = "Talia48.Console", "Talia48.Console\Talia48.Console.csproj", "{E76C7CA8-7541-5DCA-BE13-0A0A8B294625}"
EndProject
Global
	GlobalSection(SolutionConfigurationPlatforms) = preSolution
		Debug|Any CPU = Debug|Any CPU
		Release|Any CPU = Release|Any CPU
	EndGlobalSection
	GlobalSection(ProjectConfigurationPlatforms) = postSolution
		{E76C7CA8-7541-5DCA-BE13-0A0A8B294625}.Debug|Any CPU.ActiveCfg = Debug|Any CPU
		{E76C7CA8-7541-5DCA-BE13-0A0A8B294625}.Debug|Any CPU.Build.0 = Debug|Any CPU
		{E76C7CA8-7541-5DCA-BE13-0A0A8B294625}.Release|Any CPU.ActiveCfg = Release|Any CPU
		{E76C7CA8-7541-5DCA-BE13-0A0A8B294625}.Release|Any CPU.Build.0 = Release|Any CPU
	EndGlobalSection
	GlobalSection(SolutionProperties) = preSolution
		HideSolutionNode = FALSE
	EndGlobalSection
	GlobalSection(ExtensibilityGlobals) = postSolution
		SolutionGuid = {A62FBEBE-B370-472A-8CC2-529EC243B9B0}
	EndGlobalSection
EndGlobal
